Microsoft Visual Studio Solution File, Format Version 12.00
# Visual Studio Version 17
VisualStudioVersion = 17.5.2.0
MinimumVisualStudioVersion = 10.0.40219.1
Project("{FAE04EC0-301F-11D3-BF4B-00C04F79EFBC}") = "todo-app-server", "todo-app-server\todo-app-server.csproj", "{7B3BDDDC-BB4A-5DA5-EF06-45C894DCEF12}"
EndProject
Global
	GlobalSection(SolutionConfigurationPlatforms) = preSolution
		Debug|Any CPU = Debug|Any CPU
		Release|Any CPU = Release|Any CPU
	EndGlobalSection
	GlobalSection(ProjectConfigurationPlatforms) = postSolution
		{7B3BDDDC-BB4A-5DA5-EF06-45C894DCEF12}.Debug|Any CPU.ActiveCfg = Debug|Any CPU
		{7B3BDDDC-BB4A-5DA5-EF06-45C894DCEF12}.Debug|Any CPU.Build.0 = Debug|Any CPU
		{7B3BDDDC-BB4A-5DA5-EF06-45C894DCEF12}.Release|Any CPU.ActiveCfg = Release|Any CPU
		{7B3BDDDC-BB4A-5DA5-EF06-45C894DCEF12}.Release|Any CPU.Build.0 = Release|Any CPU
	EndGlobalSection
	GlobalSection(SolutionProperties) = preSolution
		HideSolutionNode = FALSE
	EndGlobalSection
	GlobalSection(ExtensibilityGlobals) = postSolution
		SolutionGuid = {124FF27D-9B6D-4A6A-A2A0-F424E4D7AE95}
	EndGlobalSection
EndGlobal
